
Microsoft Visual Studio Solution File, Format Version 12.00
Project("{FAE04EC0-301F-11D3-BF4B-00C04F79EFBC}") = "AA_Library", "SerializeDeserialize\AA_Library\AA_Library.csproj", "{58CB46CE-B146-4371-A4D5-454B101570C5}"
EndProject
Project("{FAE04EC0-301F-11D3-BF4B-00C04F79EFBC}") = "AB_SerializeXML", "SerializeDeserialize\AB_SerializeXML\AB_SerializeXML.csproj", "{C66571CE-93F1-44B8-BC71-EB9254EB2417}"
EndProject
Project("{FAE04EC0-301F-11D3-BF4B-00C04F79EFBC}") = "AC_DeserializeXML", "SerializeDeserialize\AC_DeserializeXML\AC_DeserializeXML.csproj", "{558C72D3-3B17-4222-BDEC-E040510F27F7}"
EndProject
Project("{FAE04EC0-301F-11D3-BF4B-00C04F79EFBC}") = "AD_SerializeJSON", "SerializeDeserialize\AD_SerializeJSON\AD_SerializeJSON.csproj", "{5C91B332-F9F6-448B-A613-4FEA3C4C1866}"
EndProject
Project("{FAE04EC0-301F-11D3-BF4B-00C04F79EFBC}") = "AE_DeserializeJSON", "SerializeDeserialize\AE_DeserializeJSON\AE_DeserializeJSON.csproj", "{69CF4BE8-9DD3-4D36-8DD6-EED0B1FB3112}"
EndProject
Project("{2150E333-8FDC-42A3-9474-1A3956D46DE8}") = "01_SerializeDeserialize", "01_SerializeDeserialize", "{0E97DEF3-1E15-4408-B42D-997CC81E7FA1}"
EndProject
Project("{2150E333-8FDC-42A3-9474-1A3956D46DE8}") = "02_GenericsAndAdvancedKeywords", "02_GenericsAndAdvancedKeywords", "{DE40FCA6-9A93-49FB-BD3A-76F232CDDCDA}"
EndProject
Project("{2150E333-8FDC-42A3-9474-1A3956D46DE8}") = "03_LINQAndLambda", "03_LINQAndLambda", "{7BBF8D1C-92FF-4B76-BFEE-2F608B517E38}"
EndProject
Project("{2150E333-8FDC-42A3-9474-1A3956D46DE8}") = "04_DelegatesAndEvents", "04_DelegatesAndEvents", "{C8F72A34-8DFE-44D6-BF89-BEC55E043500}"
EndProject
Project("{2150E333-8FDC-42A3-9474-1A3956D46DE8}") = "05_Threads", "05_Threads", "{02439465-5DBE-4B03-B6D1-2E66B4D8444D}"
EndProject
Project("{2150E333-8FDC-42A3-9474-1A3956D46DE8}") = "06_Task", "06_Task", "{E47150F6-E920-4500-A9FA-831D556CF71D}"
EndProject
Project("{2150E333-8FDC-42A3-9474-1A3956D46DE8}") = "07_AttributesAndReflections", "07_AttributesAndReflections", "{65A6BF3C-7FFF-4BFE-AC65-B3E34009DA2E}"
EndProject
Project("{2150E333-8FDC-42A3-9474-1A3956D46DE8}") = "08_Nuget", "08_Nuget", "{AEBC03C7-DAA8-42A7-884C-B413733544ED}"
EndProject
Project("{FAE04EC0-301F-11D3-BF4B-00C04F79EFBC}") = "Generics", "GenericsAndAdvancedKeywords\Generics\Generics.csproj", "{0DCD703B-31BC-48A0-A516-CD5BBA16FF03}"
EndProject
Project("{FAE04EC0-301F-11D3-BF4B-00C04F79EFBC}") = "VarAndDynamic", "GenericsAndAdvancedKeywords\VarAndDynamic\VarAndDynamic.csproj", "{BF1ADA6C-74B9-4DA0-9677-82A083B58365}"
EndProject
Project("{FAE04EC0-301F-11D3-BF4B-00C04F79EFBC}") = "ExtensionMethods", "GenericsAndAdvancedKeywords\ExtensionMethods\ExtensionMethods.csproj", "{7FDAB220-77BC-4004-A1BD-CA7E1EB0446B}"
EndProject
Project("{FAE04EC0-301F-11D3-BF4B-00C04F79EFBC}") = "Nullable", "GenericsAndAdvancedKeywords\Nullable\Nullable.csproj", "{E88371CF-1D59-4078-BAE5-7B632A28084B}"
EndProject
Project("{FAE04EC0-301F-11D3-BF4B-00C04F79EFBC}") = "A_LINQ", "LINQAndLambda\A_LINQ\A_LINQ.csproj", "{AB3DD7E6-3C3D-4EB3-ABDE-EEDAA8113C81}"
EndProject
Project("{FAE04EC0-301F-11D3-BF4B-00C04F79EFBC}") = "B_LINQ", "LINQAndLambda\B_LINQ\B_LINQ.csproj", "{7EC4F33D-0F3E-4AF6-BB78-5A672DDE624F}"
EndProject
Project("{FAE04EC0-301F-11D3-BF4B-00C04F79EFBC}") = "C_LINQ_Obj", "LINQAndLambda\C_LINQ_Obj\C_LINQ_Obj.csproj", "{B48D2300-0140-414D-9311-301F81BD85CF}"
EndProject
Project("{FAE04EC0-301F-11D3-BF4B-00C04F79EFBC}") = "D_LINQ_Join", "LINQAndLambda\D_LINQ_Join\D_LINQ_Join.csproj", "{F687B803-5AE2-40CE-A15D-F337A084BC39}"
EndProject
Project("{FAE04EC0-301F-11D3-BF4B-00C04F79EFBC}") = "E_LINQ_Group", "LINQAndLambda\E_LINQ_Group\E_LINQ_Group.csproj", "{C8FE120F-1FF1-42DB-9F6F-A03DF841FAB4}"
EndProject
Global
	GlobalSection(SolutionConfigurationPlatforms) = preSolution
		Debug|Any CPU = Debug|Any CPU
		Release|Any CPU = Release|Any CPU
	EndGlobalSection
	GlobalSection(ProjectConfigurationPlatforms) = postSolution
		{58CB46CE-B146-4371-A4D5-454B101570C5}.Debug|Any CPU.ActiveCfg = Debug|Any CPU
		{58CB46CE-B146-4371-A4D5-454B101570C5}.Debug|Any CPU.Build.0 = Debug|Any CPU
		{58CB46CE-B146-4371-A4D5-454B101570C5}.Release|Any CPU.ActiveCfg = Release|Any CPU
		{58CB46CE-B146-4371-A4D5-454B101570C5}.Release|Any CPU.Build.0 = Release|Any CPU
		{C66571CE-93F1-44B8-BC71-EB9254EB2417}.Debug|Any CPU.ActiveCfg = Debug|Any CPU
		{C66571CE-93F1-44B8-BC71-EB9254EB2417}.Debug|Any CPU.Build.0 = Debug|Any CPU
		{C66571CE-93F1-44B8-BC71-EB9254EB2417}.Release|Any CPU.ActiveCfg = Release|Any CPU
		{C66571CE-93F1-44B8-BC71-EB9254EB2417}.Release|Any CPU.Build.0 = Release|Any CPU
		{558C72D3-3B17-4222-BDEC-E040510F27F7}.Debug|Any CPU.ActiveCfg = Debug|Any CPU
		{558C72D3-3B17-4222-BDEC-E040510F27F7}.Debug|Any CPU.Build.0 = Debug|Any CPU
		{558C72D3-3B17-4222-BDEC-E040510F27F7}.Release|Any CPU.ActiveCfg = Release|Any CPU
		{558C72D3-3B17-4222-BDEC-E040510F27F7}.Release|Any CPU.Build.0 = Release|Any CPU
		{5C91B332-F9F6-448B-A613-4FEA3C4C1866}.Debug|Any CPU.ActiveCfg = Debug|Any CPU
		{5C91B332-F9F6-448B-A613-4FEA3C4C1866}.Debug|Any CPU.Build.0 = Debug|Any CPU
		{5C91B332-F9F6-448B-A613-4FEA3C4C1866}.Release|Any CPU.ActiveCfg = Release|Any CPU
		{5C91B332-F9F6-448B-A613-4FEA3C4C1866}.Release|Any CPU.Build.0 = Release|Any CPU
		{69CF4BE8-9DD3-4D36-8DD6-EED0B1FB3112}.Debug|Any CPU.ActiveCfg = Debug|Any CPU
		{69CF4BE8-9DD3-4D36-8DD6-EED0B1FB3112}.Debug|Any CPU.Build.0 = Debug|Any CPU
		{69CF4BE8-9DD3-4D36-8DD6-EED0B1FB3112}.Release|Any CPU.ActiveCfg = Release|Any CPU
		{69CF4BE8-9DD3-4D36-8DD6-EED0B1FB3112}.Release|Any CPU.Build.0 = Release|Any CPU
		{0DCD703B-31BC-48A0-A516-CD5BBA16FF03}.Debug|Any CPU.ActiveCfg = Debug|Any CPU
		{0DCD703B-31BC-48A0-A516-CD5BBA16FF03}.Debug|Any CPU.Build.0 = Debug|Any CPU
		{0DCD703B-31BC-48A0-A516-CD5BBA16FF03}.Release|Any CPU.ActiveCfg = Release|Any CPU
		{0DCD703B-31BC-48A0-A516-CD5BBA16FF03}.Release|Any CPU.Build.0 = Release|Any CPU
		{BF1ADA6C-74B9-4DA0-9677-82A083B58365}.Debug|Any CPU.ActiveCfg = Debug|Any CPU
		{BF1ADA6C-74B9-4DA0-9677-82A083B58365}.Debug|Any CPU.Build.0 = Debug|Any CPU
		{BF1ADA6C-74B9-4DA0-9677-82A083B58365}.Release|Any CPU.ActiveCfg = Release|Any CPU
		{BF1ADA6C-74B9-4DA0-9677-82A083B58365}.Release|Any CPU.Build.0 = Release|Any CPU
		{7FDAB220-77BC-4004-A1BD-CA7E1EB0446B}.Debug|Any CPU.ActiveCfg = Debug|Any CPU
		{7FDAB220-77BC-4004-A1BD-CA7E1EB0446B}.Debug|Any CPU.Build.0 = Debug|Any CPU
		{7FDAB220-77BC-4004-A1BD-CA7E1EB0446B}.Release|Any CPU.ActiveCfg = Release|Any CPU
		{7FDAB220-77BC-4004-A1BD-CA7E1EB0446B}.Release|Any CPU.Build.0 = Release|Any CPU
		{E88371CF-1D59-4078-BAE5-7B632A28084B}.Debug|Any CPU.ActiveCfg = Debug|Any CPU
		{E88371CF-1D59-4078-BAE5-7B632A28084B}.Debug|Any CPU.Build.0 = Debug|Any CPU
		{E88371CF-1D59-4078-BAE5-7B632A28084B}.Release|Any CPU.ActiveCfg = Release|Any CPU
		{E88371CF-1D59-4078-BAE5-7B632A28084B}.Release|Any CPU.Build.0 = Release|Any CPU
		{AB3DD7E6-3C3D-4EB3-ABDE-EEDAA8113C81}.Debug|Any CPU.ActiveCfg = Debug|Any CPU
		{AB3DD7E6-3C3D-4EB3-ABDE-EEDAA8113C81}.Debug|Any CPU.Build.0 = Debug|Any CPU
		{AB3DD7E6-3C3D-4EB3-ABDE-EEDAA8113C81}.Release|Any CPU.ActiveCfg = Release|Any CPU
		{AB3DD7E6-3C3D-4EB3-ABDE-EEDAA8113C81}.Release|Any CPU.Build.0 = Release|Any CPU
		{7EC4F33D-0F3E-4AF6-BB78-5A672DDE624F}.Debug|Any CPU.ActiveCfg = Debug|Any CPU
		{7EC4F33D-0F3E-4AF6-BB78-5A672DDE624F}.Debug|Any CPU.Build.0 = Debug|Any CPU
		{7EC4F33D-0F3E-4AF6-BB78-5A672DDE624F}.Release|Any CPU.ActiveCfg = Release|Any CPU
		{7EC4F33D-0F3E-4AF6-BB78-5A672DDE624F}.Release|Any CPU.Build.0 = Release|Any CPU
		{B48D2300-0140-414D-9311-301F81BD85CF}.Debug|Any CPU.ActiveCfg = Debug|Any CPU
		{B48D2300-0140-414D-9311-301F81BD85CF}.Debug|Any CPU.Build.0 = Debug|Any CPU
		{B48D2300-0140-414D-9311-301F81BD85CF}.Release|Any CPU.ActiveCfg = Release|Any CPU
		{B48D2300-0140-414D-9311-301F81BD85CF}.Release|Any CPU.Build.0 = Release|Any CPU
		{F687B803-5AE2-40CE-A15D-F337A084BC39}.Debug|Any CPU.ActiveCfg = Debug|Any CPU
		{F687B803-5AE2-40CE-A15D-F337A084BC39}.Debug|Any CPU.Build.0 = Debug|Any CPU
		{F687B803-5AE2-40CE-A15D-F337A084BC39}.Release|Any CPU.ActiveCfg = Release|Any CPU
		{F687B803-5AE2-40CE-A15D-F337A084BC39}.Release|Any CPU.Build.0 = Release|Any CPU
		{C8FE120F-1FF1-42DB-9F6F-A03DF841FAB4}.Debug|Any CPU.ActiveCfg = Debug|Any CPU
		{C8FE120F-1FF1-42DB-9F6F-A03DF841FAB4}.Debug|Any CPU.Build.0 = Debug|Any CPU
		{C8FE120F-1FF1-42DB-9F6F-A03DF841FAB4}.Release|Any CPU.ActiveCfg = Release|Any CPU
		{C8FE120F-1FF1-42DB-9F6F-A03DF841FAB4}.Release|Any CPU.Build.0 = Release|Any CPU
	EndGlobalSection
	GlobalSection(NestedProjects) = preSolution
		{58CB46CE-B146-4371-A4D5-454B101570C5} = {0E97DEF3-1E15-4408-B42D-997CC81E7FA1}
		{C66571CE-93F1-44B8-BC71-EB9254EB2417} = {0E97DEF3-1E15-4408-B42D-997CC81E7FA1}
		{558C72D3-3B17-4222-BDEC-E040510F27F7} = {0E97DEF3-1E15-4408-B42D-997CC81E7FA1}
		{5C91B332-F9F6-448B-A613-4FEA3C4C1866} = {0E97DEF3-1E15-4408-B42D-997CC81E7FA1}
		{69CF4BE8-9DD3-4D36-8DD6-EED0B1FB3112} = {0E97DEF3-1E15-4408-B42D-997CC81E7FA1}
		{0DCD703B-31BC-48A0-A516-CD5BBA16FF03} = {DE40FCA6-9A93-49FB-BD3A-76F232CDDCDA}
		{BF1ADA6C-74B9-4DA0-9677-82A083B58365} = {DE40FCA6-9A93-49FB-BD3A-76F232CDDCDA}
		{7FDAB220-77BC-4004-A1BD-CA7E1EB0446B} = {DE40FCA6-9A93-49FB-BD3A-76F232CDDCDA}
		{E88371CF-1D59-4078-BAE5-7B632A28084B} = {DE40FCA6-9A93-49FB-BD3A-76F232CDDCDA}
		{AB3DD7E6-3C3D-4EB3-ABDE-EEDAA8113C81} = {7BBF8D1C-92FF-4B76-BFEE-2F608B517E38}
		{7EC4F33D-0F3E-4AF6-BB78-5A672DDE624F} = {7BBF8D1C-92FF-4B76-BFEE-2F608B517E38}
		{B48D2300-0140-414D-9311-301F81BD85CF} = {7BBF8D1C-92FF-4B76-BFEE-2F608B517E38}
		{F687B803-5AE2-40CE-A15D-F337A084BC39} = {7BBF8D1C-92FF-4B76-BFEE-2F608B517E38}
		{C8FE120F-1FF1-42DB-9F6F-A03DF841FAB4} = {7BBF8D1C-92FF-4B76-BFEE-2F608B517E38}
	EndGlobalSection
EndGlobal
